PODS:
  - advance_pdf_viewer (1.0.5):
    - Flutter
  - BSGridCollectionViewLayout (1.2.5)
  - BSImagePicker (2.10.3):
    - BSGridCollectionViewLayout (= 1.2.5)
    - BSImageView (= 1.0.3)
  - BSImageView (1.0.3)
  - Flutter (1.0.0)
  - FMDB (2.7.5):
    - FMDB/standard (= 2.7.5)
  - FMDB/standard (2.7.5)
  - multi_image_picker (4.8.00):
    - BSImagePicker (~> 2.10.3)
    - Flutter
  - path_provider (0.0.1):
    - Flutter
  - shared_preferences (0.0.1):
    - Flutter
  - sqflite (0.0.2):
    - Flutter
    - FMDB (>= 2.7.5)
  - url_launcher (0.0.1):
    - Flutter
  - webview_flutter (0.0.1):
    - Flutter

DEPENDENCIES:
  - advance_pdf_viewer (from `.symlinks/plugins/advance_pdf_viewer/ios`)
  - Flutter (from `Flutter`)
  - multi_image_picker (from `.symlinks/plugins/multi_image_picker/ios`)
  - path_provider (from `.symlinks/plugins/path_provider/ios`)
  - shared_preferences (from `.symlinks/plugins/shared_preferences/ios`)
  - sqflite (from `.symlinks/plugins/sqflite/ios`)
  - url_launcher (from `.symlinks/plugins/url_launcher/ios`)
  - webview_flutter (from `.symlinks/plugins/webview_flutter/ios`)

SPEC REPOS:
  trunk:
    - BSGridCollectionViewLayout
    - BSImagePicker
    - BSImageView
    - FMDB

EXTERNAL SOURCES:
  advance_pdf_viewer:
    :path: ".symlinks/plugins/advance_pdf_viewer/ios"
  Flutter:
    :path: Flutter
  multi_image_picker:
    :path: ".symlinks/plugins/multi_image_picker/ios"
  path_provider:
    :path: ".symlinks/plugins/path_provider/ios"
  shared_preferences:
    :path: ".symlinks/plugins/shared_preferences/ios"
  sqflite:
    :path: ".symlinks/plugins/sqflite/ios"
  url_launcher:
    :path: ".symlinks/plugins/url_launcher/ios"
  webview_flutter:
    :path: ".symlinks/plugins/webview_flutter/ios"

SPEC CHECKSUMS:
  advance_pdf_viewer: 5c832f382b4ca84fe735f893b7e91aa830c27d7b
  BSGridCollectionViewLayout: 333dcb457a5a3bdd9212607ab5756553dcfe06cb
  BSImagePicker: 07404254f2fcdaf5a2eb403c0f8c337267ce8738
  BSImageView: a149459433a2687157d034c78e059d30ac7f2544
  Flutter: 434fef37c0980e73bb6479ef766c45957d4b510c
  FMDB: 2ce00b547f966261cd18927a3ddb07cb6f3db82a
  multi_image_picker: 6dfd22d7e6441a1cb06f6876fe8cc5f32f7f6610
  path_provider: abfe2b5c733d04e238b0d8691db0cfd63a27a93c
  shared_preferences: af6bfa751691cdc24be3045c43ec037377ada40d
  sqflite: 6d358c025f5b867b29ed92fc697fd34924e11904
  url_launcher: 6fef411d543ceb26efce54b05a0a40bfd74cbbef
  webview_flutter: 9f491a9b5a66f2573946a389b2677987b0ff8c0b

PODFILE CHECKSUM: aafe91acc616949ddb318b77800a7f51bffa2a4c

COCOAPODS: 1.10.1
